// !$*UTF8*$!
{
	archiveVersion = 1;
	classes = {
	};
	objectVersion = 46;
	objects = {

/* Begin PBXBuildFile section */
		140F26561C2DFDF300C0764E /* AppDelegate.swift in Sources */ = {isa = PBXBuildFile; fileRef = 140F26551C2DFDF300C0764E /* AppDelegate.swift */; };
		140F26581C2DFDF300C0764E /* ViewController.swift in Sources */ = {isa = PBXBuildFile; fileRef = 140F26571C2DFDF300C0764E /* ViewController.swift */; };
		140F265B1C2DFDF300C0764E /* Main.storyboard in Resources */ = {isa = PBXBuildFile; fileRef = 140F26591C2DFDF300C0764E /* Main.storyboard */; };
		140F265D1C2DFDF300C0764E /* Assets.xcassets in Resources */ = {isa = PBXBuildFile; fileRef = 140F265C1C2DFDF300C0764E /* Assets.xcassets */; };
		140F26601C2DFDF400C0764E /* LaunchScreen.storyboard in Resources */ = {isa = PBXBuildFile; fileRef = 140F265E1C2DFDF400C0764E /* LaunchScreen.storyboard */; };
		14DAA8211C2F3569003330F4 /* Default-568h@2x.png in Resources */ = {isa = PBXBuildFile; fileRef = 14DAA8201C2F3569003330F4 /* Default-568h@2x.png */; };
/* End PBXBuildFile section */

/* Begin PBXFileReference section */
		140F26521C2DFDF300C0764E /* Web Browser.app */ = {isa = PBXFileReference; explicitFileType = wrapper.application; includeInIndex = 0; path = "Web Browser.app"; sourceTree = BUILT_PRODUCTS_DIR; };
		140F26551C2DFDF300C0764E /* AppDelegate.swift */ = {isa = PBXFileReference; lastKnownFileType = sourcecode.swift; path = AppDelegate.swift; sourceTree = "<group>"; };
		140F26571C2DFDF300C0764E /* ViewController.swift */ = {isa = PBXFileReference; lastKnownFileType = sourcecode.swift; path = ViewController.swift; sourceTree = "<group>"; };
		140F265A1C2DFDF300C0764E /* Base */ = {isa = PBXFileReference; lastKnownFileType = file.storyboard; name = Base; path = Base.lproj/Main.storyboard; sourceTree = "<group>"; };
		140F265C1C2DFDF300C0764E /* Assets.xcassets */ = {isa = PBXFileReference; lastKnownFileType = folder.assetcatalog; path = Assets.xcassets; sourceTree = "<group>"; };
		140F265F1C2DFDF400C0764E /* Base */ = {isa = PBXFileReference; lastKnownFileType = file.storyboard; name = Base; path = Base.lproj/LaunchScreen.storyboard; sourceTree = "<group>"; };
		140F26611C2DFDF400C0764E /* Info.plist */ = {isa = PBXFileReference; lastKnownFileType = text.plist.xml; path = Info.plist; sourceTree = "<group>"; };
		14DAA8201C2F3569003330F4 /* Default-568h@2x.png */ = {isa = PBXFileReference; lastKnownFileType = image.png; path = "Default-568h@2x.png"; sourceTree = "<group>"; };
/* End PBXFileReference section */

/* Begin PBXFrameworksBuildPhase section */
		140F264F1C2DFDF200C0764E /* Frameworks */ = {
			isa = PBXFrameworksBuildPhase;
			buildActionMask = 2147483647;
			files = (
			);
			runOnlyForDeploymentPostprocessing = 0;
		};
/* End PBXFrameworksBuildPhase section */

/* Begin PBXGroup section */
		140F26491C2DFDF200C0764E = {
			isa = PBXGroup;
			children = (
				14DAA8201C2F3569003330F4 /* Default-568h@2x.png */,
				140F26541C2DFDF300C0764E /* Web Browser */,
				140F26531C2DFDF300C0764E /* Products */,
			);
			sourceTree = "<group>";
		};
		140F26531C2DFDF300C0764E /* Products */ = {
			isa = PBXGroup;
			children = (
				140F26521C2DFDF300C0764E /* Web Browser.app */,
			);
			name = Products;
			sourceTree = "<group>";
		};
		140F26541C2DFDF300C0764E /* Web Browser */ = {
			isa = PBXGroup;
			children = (
				140F26551C2DFDF300C0764E /* AppDelegate.swift */,
				140F26571C2DFDF300C0764E /* ViewController.swift */,
				140F26591C2DFDF300C0764E /* Main.storyboard */,
				140F265C1C2DFDF300C0764E /* Assets.xcassets */,
				140F265E1C2DFDF400C0764E /* LaunchScreen.storyboard */,
				140F26611C2DFDF400C0764E /* Info.plist */,
			);
			path = "Web Browser";
			sourceTree = "<group>";
		};
/* End PBXGroup section */

/* Begin PBXNativeTarget section */
		140F26511C2DFDF200C0764E /* Web Browser */ = {
			isa = PBXNativeTarget;
			buildConfigurationList = 140F26641C2DFDF400C0764E /* Build configuration list for PBXNativeTarget "Web Browser" */;
			buildPhases = (
				140F264E1C2DFDF200C0764E /* Sources */,
				140F264F1C2DFDF200C0764E /* Frameworks */,
				140F26501C2DFDF200C0764E /* Resources */,
			);
			buildRules = (
			);
			dependencies = (
			);
			name = "Web Browser";
			productName = "Web Browser";
			productReference = 140F26521C2DFDF300C0764E /* Web Browser.app */;
			productType = "com.apple.product-type.application";
		};
/* End PBXNativeTarget section */

/* Begin PBXProject section */
		140F264A1C2DFDF200C0764E /* Project object */ = {
			isa = PBXProject;
			attributes = {
				LastSwiftUpdateCheck = 0720;
				LastUpgradeCheck = 0720;
				ORGANIZATIONNAME = Linus;
				TargetAttributes = {
					140F26511C2DFDF200C0764E = {
						CreatedOnToolsVersion = 7.2;
					};
				};
			};
			buildConfigurationList = 140F264D1C2DFDF200C0764E /* Build configuration list for PBXProject "Web Browser" */;
			compatibilityVersion = "Xcode 3.2";
			developmentRegion = English;
			hasScannedForEncodings = 0;
			knownRegions = (
				en,
				Base,
			);
			mainGroup = 140F26491C2DFDF200C0764E;
			productRefGroup = 140F26531C2DFDF300C0764E /* Products */;
			projectDirPath = "";
			projectRoot = "";
			targets = (
				140F26511C2DFDF200C0764E /* Web Browser */,
			);
		};
/* End PBXProject section */

/* Begin PBXResourcesBuildPhase section */
		140F26501C2DFDF200C0764E /* Resources */ = {
			isa = PBXResourcesBuildPhase;
			buildActionMask = 2147483647;
			files = (
				140F26601C2DFDF400C0764E /* LaunchScreen.storyboard in Resources */,
				14DAA8211C2F3569003330F4 /* Default-568h@2x.png in Resources */,
				140F265D1C2DFDF300C0764E /* Assets.xcassets in Resources */,
				140F265B1C2DFDF300C0764E /* Main.storyboard in Resources */,
			);
			runOnlyForDeploymentPostprocessing = 0;
		};
/* End PBXResourcesBuildPhase section */

/* Begin PBXSourcesBuildPhase section */
		140F264E1C2DFDF200C0764E /* Sources */ = {
			isa = PBXSourcesBuildPhase;
			buildActionMask = 2147483647;
			files = (
				140F26581C2DFDF300C0764E /* ViewController.swift in Sources */,
				140F26561C2DFDF300C0764E /* AppDelegate.swift in Sources */,
			);
			runOnlyForDeploymentPostprocessing = 0;
		};
/* End PBXSourcesBuildPhase section */

/* Begin PBXVariantGroup section */
		140F26591C2DFDF300C0764E /* Main.storyboard */ = {
			isa = PBXVariantGroup;
			children = (
				140F265A1C2DFDF300C0764E /* Base */,
			);
			name = Main.storyboard;
			sourceTree = "<group>";
		};
		140F265E1C2DFDF400C0764E /* LaunchScreen.storyboard */ = {
			isa = PBXVariantGroup;
			children = (
				140F265F1C2DFDF400C0764E /* Base */,
			);
			name = LaunchScreen.storyboard;
			sourceTree = "<group>";
		};
/* End PBXVariantGroup section */

/* Begin XCBuildConfiguration section */
		140F26621C2DFDF400C0764E /* Debug */ = {
			isa = XCBuildConfiguration;
			buildSettings = {
				ALWAYS_SEARCH_USER_PATHS = NO;
				CLANG_CXX_LANGUAGE_STANDARD = "gnu++0x";
				CLANG_CXX_LIBRARY = "libc++";
				CLANG_ENABLE_MODULES = YES;
				CLANG_ENABLE_OBJC_ARC = YES;
				CLANG_WARN_BOOL_CONVERSION = YES;
				CLANG_WARN_CONSTANT_CONVERSION = YES;
				CLANG_WARN_DIRECT_OBJC_ISA_USAGE = YES_ERROR;
				CLANG_WARN_EMPTY_BODY = YES;
				CLANG_WARN_ENUM_CONVERSION = YES;
				CLANG_WARN_INT_CONVERSION = YES;
				CLANG_WARN_OBJC_ROOT_CLASS = YES_ERROR;
				CLANG_WARN_UNREACHABLE_CODE = YES;
				CLANG_WARN__DUPLICATE_METHOD_MATCH = YES;
				"CODE_SIGN_IDENTITY[sdk=iphoneos*]" = "iPhone Developer";
				COPY_PHASE_STRIP = NO;
				DEBUG_INFORMATION_FORMAT = dwarf;
				ENABLE_STRICT_OBJC_MSGSEND = YES;
				ENABLE_TESTABILITY = YES;
				GCC_C_LANGUAGE_STANDARD = gnu99;
				GCC_DYNAMIC_NO_PIC = NO;
				GCC_NO_COMMON_BLOCKS = YES;
				GCC_OPTIMIZATION_LEVEL = 0;
				GCC_PREPROCESSOR_DEFINITIONS = (
					"DEBUG=1",
					"$(inherited)",
				);
				GCC_WARN_64_TO_32_BIT_CONVERSION = YES;
				GCC_WARN_ABOUT_RETURN_TYPE = YES_ERROR;
				GCC_WARN_UNDECLARED_SELECTOR = YES;
				GCC_WARN_UNINITIALIZED_AUTOS = YES_AGGRESSIVE;
				GCC_WARN_UNUSED_FUNCTION = YES;
				GCC_WARN_UNUSED_VARIABLE = YES;
				IPHONEOS_DEPLOYMENT_TARGET = 9.2;
				MTL_ENABLE_DEBUG_INFO = YES;
				ONLY_ACTIVE_ARCH = YES;
				SDKROOT = iphoneos;
				SWIFT_OPTIMIZATION_LEVEL = "-Onone";
			};
			name = Debug;
		};
		140F26631C2DFDF400C0764E /* Release */ = {
			isa = XCBuildConfiguration;
			buildSettings = {
				ALWAYS_SEARCH_USER_PATHS = NO;
				CLANG_CXX_LANGUAGE_STANDARD = "gnu++0x";
				CLANG_CXX_LIBRARY = "libc++";
				CLANG_ENABLE_MODULES = YES;
				CLANG_ENABLE_OBJC_ARC = YES;
				CLANG_WARN_BOOL_CONVERSION = YES;
				CLANG_WARN_CONSTANT_CONVERSION = YES;
				CLANG_WARN_DIRECT_OBJC_ISA_USAGE = YES_ERROR;
				CLANG_WARN_EMPTY_BODY = YES;
				CLANG_WARN_ENUM_CONVERSION = YES;
				CLANG_WARN_INT_CONVERSION = YES;
				CLANG_WARN_OBJC_ROOT_CLASS = YES_ERROR;
				CLANG_WARN_UNREACHABLE_CODE = YES;
				CLANG_WARN__DUPLICATE_METHOD_MATCH = YES;
				"CODE_SIGN_IDENTITY[sdk=iphoneos*]" = "iPhone Developer";
				COPY_PHASE_STRIP = NO;
				DEBUG_INFORMATION_FORMAT = "dwarf-with-dsym";
				ENABLE_NS_ASSERTIONS = NO;
				ENABLE_STRICT_OBJC_MSGSEND = YES;
				GCC_C_LANGUAGE_STANDARD = gnu99;
				GCC_NO_COMMON_BLOCKS = YES;
				GCC_WARN_64_TO_32_BIT_CONVERSION = YES;
				GCC_WARN_ABOUT_RETURN_TYPE = YES_ERROR;
				GCC_WARN_UNDECLARED_SELECTOR = YES;
				GCC_WARN_UNINITIALIZED_AUTOS = YES_AGGRESSIVE;
				GCC_WARN_UNUSED_FUNCTION = YES;
				GCC_WARN_UNUSED_VARIABLE = YES;
				IPHONEOS_DEPLOYMENT_TARGET = 9.2;
				MTL_ENABLE_DEBUG_INFO = NO;
				SDKROOT = iphoneos;
				VALIDATE_PRODUCT = YES;
			};
			name = Release;
		};
		140F26651C2DFDF400C0764E /* Debug */ = {
			isa = XCBuildConfiguration;
			buildSettings = {
				ASSETCATALOG_COMPILER_APPICON_NAME = AppIcon;
				INFOPLIST_FILE = "Web Browser/Info.plist";
				LD_RUNPATH_SEARCH_PATHS = "$(inherited) @executable_path/Frameworks";
				PRODUCT_BUNDLE_IDENTIFIER = "Linus.Web-Browser";
				PRODUCT_NAME = "$(TARGET_NAME)";
			};
			name = Debug;
		};
		140F26661C2DFDF400C0764E /* Release */ = {
			isa = XCBuildConfiguration;
			buildSettings = {
				ASSETCATALOG_COMPILER_APPICON_NAME = AppIcon;
				INFOPLIST_FILE = "Web Browser/Info.plist";
				LD_RUNPATH_SEARCH_PATHS = "$(inherited) @executable_path/Frameworks";
				PRODUCT_BUNDLE_IDENTIFIER = "Linus.Web-Browser";
				PRODUCT_NAME = "$(TARGET_NAME)";
			};
			name = Release;
		};
/* End XCBuildConfiguration section */

/* Begin XCConfigurationList section */
		140F264D1C2DFDF200C0764E /* Build configuration list for PBXProject "Web Browser" */ = {
			isa = XCConfigurationList;
			buildConfigurations = (
				140F26621C2DFDF400C0764E /* Debug */,
				140F26631C2DFDF400C0764E /* Release */,
			);
			defaultConfigurationIsVisible = 0;
			defaultConfigurationName = Release;
		};
		140F26641C2DFDF400C0764E /* Build configuration list for PBXNativeTarget "Web Browser" */ = {
			isa = XCConfigurationList;
			buildConfigurations = (
				140F26651C2DFDF400C0764E /* Debug */,
				140F26661C2DFDF400C0764E /* Release */,
			);
			defaultConfigurationIsVisible = 0;
			defaultConfigurationName = Release;
		};
/* End XCConfigurationList section */
	};
	rootObject = 140F264A1C2DFDF200C0764E /* Project object */;
}
